
Microsoft Visual Studio Solution File, Format Version 12.00
# Visual Studio Version 17
VisualStudioVersion = 17.2.32516.85
MinimumVisualStudioVersion = 10.0.40219.1
Project("{9A19103F-16F7-4668-BE54-9A1E7A4F7556}") = "Domain", "Domain\Domain.csproj", "{9054C10C-EE6B-48D6-AB66-D0B447B7715E}"
EndProject
Project("{9A19103F-16F7-4668-BE54-9A1E7A4F7556}") = "Domain-Spec", "Domain-Spec\Domain-Spec.csproj", "{81FF2412-A907-4CDD-8B1E-4CC044486505}"
EndProject
Project("{FAE04EC0-301F-11D3-BF4B-00C04F79EFBC}") = "TacoParser", "TacoParser\TacoParser.csproj", "{B4127AF3-8243-4E5E-93EE-AF78BAE9BB96}"
EndProject
Global
	GlobalSection(SolutionConfigurationPlatforms) = preSolution
		Debug|Any CPU = Debug|Any CPU
		Release|Any CPU = Release|Any CPU
	EndGlobalSection
	GlobalSection(ProjectConfigurationPlatforms) = postSolution
		{9054C10C-EE6B-48D6-AB66-D0B447B7715E}.Debug|Any CPU.ActiveCfg = Debug|Any CPU
		{9054C10C-EE6B-48D6-AB66-D0B447B7715E}.Debug|Any CPU.Build.0 = Debug|Any CPU
		{9054C10C-EE6B-48D6-AB66-D0B447B7715E}.Release|Any CPU.ActiveCfg = Release|Any CPU
		{9054C10C-EE6B-48D6-AB66-D0B447B7715E}.Release|Any CPU.Build.0 = Release|Any CPU
		{81FF2412-A907-4CDD-8B1E-4CC044486505}.Debug|Any CPU.ActiveCfg = Debug|Any CPU
		{81FF2412-A907-4CDD-8B1E-4CC044486505}.Debug|Any CPU.Build.0 = Debug|Any CPU
		{81FF2412-A907-4CDD-8B1E-4CC044486505}.Release|Any CPU.ActiveCfg = Release|Any CPU
		{81FF2412-A907-4CDD-8B1E-4CC044486505}.Release|Any CPU.Build.0 = Release|Any CPU
		{B4127AF3-8243-4E5E-93EE-AF78BAE9BB96}.Debug|Any CPU.ActiveCfg = Debug|Any CPU
		{B4127AF3-8243-4E5E-93EE-AF78BAE9BB96}.Debug|Any CPU.Build.0 = Debug|Any CPU
		{B4127AF3-8243-4E5E-93EE-AF78BAE9BB96}.Release|Any CPU.ActiveCfg = Release|Any CPU
		{B4127AF3-8243-4E5E-93EE-AF78BAE9BB96}.Release|Any CPU.Build.0 = Release|Any CPU
	EndGlobalSection
	GlobalSection(SolutionProperties) = preSolution
		HideSolutionNode = FALSE
	EndGlobalSection
	GlobalSection(ExtensibilityGlobals) = postSolution
		SolutionGuid = {BD5D2671-1692-4CC1-BA8B-7CB4DACA86B8}
	EndGlobalSection
EndGlobal
